
Microsoft Visual Studio Solution File, Format Version 11.00
# Visual Studio 2010
Project("{8BC9CEB8-8B4A-11D0-8D11-00A0C91BC942}") = "crackCode", "crackCode\crackCode.vcxproj", "{04EE69CA-5F5E-4363-83DA-66EB7F535940}"
EndProject
Global
	GlobalSection(SolutionConfigurationPlatforms) = preSolution
		Debug|Win32 = Debug|Win32
		Release|Win32 = Release|Win32
	EndGlobalSection
	GlobalSection(ProjectConfigurationPlatforms) = postSolution
		{04EE69CA-5F5E-4363-83DA-66EB7F535940}.Debug|Win32.ActiveCfg = Debug|Win32
		{04EE69CA-5F5E-4363-83DA-66EB7F535940}.Debug|Win32.Build.0 = Debug|Win32
		{04EE69CA-5F5E-4363-83DA-66EB7F535940}.Release|Win32.ActiveCfg = Release|Win32
		{04EE69CA-5F5E-4363-83DA-66EB7F535940}.Release|Win32.Build.0 = Release|Win32
	EndGlobalSection
	GlobalSection(SolutionProperties) = preSolution
		HideSolutionNode = FALSE
	EndGlobalSection
EndGlobal
